
Microsoft Visual Studio Solution File, Format Version 12.00
# Visual Studio Version 16
VisualStudioVersion = 16.0.30503.244
MinimumVisualStudioVersion = 10.0.40219.1
Project("{FAE04EC0-301F-11D3-BF4B-00C04F79EFBC}") = "TicTacToe", "TicTacToe.csproj", "{68CC726F-2EEC-4AB0-A14B-8C8D2B33140E}"
EndProject
Global
	GlobalSection(SolutionConfigurationPlatforms) = preSolution
		Debug|Any CPU = Debug|Any CPU
		Release|Any CPU = Release|Any CPU
	EndGlobalSection
	GlobalSection(ProjectConfigurationPlatforms) = postSolution
		{68CC726F-2EEC-4AB0-A14B-8C8D2B33140E}.Debug|Any CPU.ActiveCfg = Debug|Any CPU
		{68CC726F-2EEC-4AB0-A14B-8C8D2B33140E}.Debug|Any CPU.Build.0 = Debug|Any CPU
		{68CC726F-2EEC-4AB0-A14B-8C8D2B33140E}.Release|Any CPU.ActiveCfg = Release|Any CPU
		{68CC726F-2EEC-4AB0-A14B-8C8D2B33140E}.Release|Any CPU.Build.0 = Release|Any CPU
	EndGlobalSection
	GlobalSection(SolutionProperties) = preSolution
		HideSolutionNode = FALSE
	EndGlobalSection
	GlobalSection(ExtensibilityGlobals) = postSolution
		SolutionGuid = {40D7711E-92D7-4592-A491-57FD6EFB5003}
	EndGlobalSection
EndGlobal
